
Microsoft Visual Studio Solution File, Format Version 12.00
# Visual Studio Version 17
VisualStudioVersion = 17.7.34221.43
MinimumVisualStudioVersion = 10.0.40219.1
Project("{2150E333-8FDC-42A3-9474-1A3956D46DE8}") = "src", "src", "{796F4F80-9928-441D-BDC8-96ADEFCE1DCA}"
EndProject
Project("{2150E333-8FDC-42A3-9474-1A3956D46DE8}") = "Core", "Core", "{A344BD98-5010-4C52-9D0A-86DFAEF88E67}"
EndProject
Project("{2150E333-8FDC-42A3-9474-1A3956D46DE8}") = "External", "External", "{1EA6D0E1-ECE5-42FA-B354-0EF3F37FF461}"
EndProject
Project("{2150E333-8FDC-42A3-9474-1A3956D46DE8}") = "Tests", "Tests", "{9AF7D860-1D2B-4A9B-B414-55983A35D454}"
EndProject
Project("{9A19103F-16F7-4668-BE54-9A1E7A4F7556}") = "NSPS.Domain", "NunesSportsProductSys.Domain\NSPS.Domain.csproj", "{9F9334B4-25FE-4AD4-A0A2-08FADCC4E7AA}"
EndProject
Project("{9A19103F-16F7-4668-BE54-9A1E7A4F7556}") = "NSPS.Application", "NSProductSys.Application\NSPS.Application.csproj", "{20230FCC-D810-4B0B-964C-DDBF23867AA1}"
EndProject
Project("{9A19103F-16F7-4668-BE54-9A1E7A4F7556}") = "NSPS.Infra", "NSProductSys.Infra\NSPS.Infra.csproj", "{5C69CEE9-7FCE-4362-A228-B1643AE8F6DB}"
EndProject
Project("{9A19103F-16F7-4668-BE54-9A1E7A4F7556}") = "NSPS.Presentation", "NSProductSys.Presentation\NSPS.Presentation.csproj", "{FA6858AB-A05E-4DEC-AC64-FC62812A048F}"
EndProject
Project("{FAE04EC0-301F-11D3-BF4B-00C04F79EFBC}") = "NSPS.WebUI", "NSPS.WebUI\NSPS.WebUI.csproj", "{AF8642A0-3601-4D11-BC59-5FE4FC415548}"
EndProject
Global
	GlobalSection(SolutionConfigurationPlatforms) = preSolution
		Debug|Any CPU = Debug|Any CPU
		Release|Any CPU = Release|Any CPU
	EndGlobalSection
	GlobalSection(ProjectConfigurationPlatforms) = postSolution
		{9F9334B4-25FE-4AD4-A0A2-08FADCC4E7AA}.Debug|Any CPU.ActiveCfg = Debug|Any CPU
		{9F9334B4-25FE-4AD4-A0A2-08FADCC4E7AA}.Debug|Any CPU.Build.0 = Debug|Any CPU
		{9F9334B4-25FE-4AD4-A0A2-08FADCC4E7AA}.Release|Any CPU.ActiveCfg = Release|Any CPU
		{9F9334B4-25FE-4AD4-A0A2-08FADCC4E7AA}.Release|Any CPU.Build.0 = Release|Any CPU
		{20230FCC-D810-4B0B-964C-DDBF23867AA1}.Debug|Any CPU.ActiveCfg = Debug|Any CPU
		{20230FCC-D810-4B0B-964C-DDBF23867AA1}.Debug|Any CPU.Build.0 = Debug|Any CPU
		{20230FCC-D810-4B0B-964C-DDBF23867AA1}.Release|Any CPU.ActiveCfg = Release|Any CPU
		{20230FCC-D810-4B0B-964C-DDBF23867AA1}.Release|Any CPU.Build.0 = Release|Any CPU
		{5C69CEE9-7FCE-4362-A228-B1643AE8F6DB}.Debug|Any CPU.ActiveCfg = Debug|Any CPU
		{5C69CEE9-7FCE-4362-A228-B1643AE8F6DB}.Debug|Any CPU.Build.0 = Debug|Any CPU
		{5C69CEE9-7FCE-4362-A228-B1643AE8F6DB}.Release|Any CPU.ActiveCfg = Release|Any CPU
		{5C69CEE9-7FCE-4362-A228-B1643AE8F6DB}.Release|Any CPU.Build.0 = Release|Any CPU
		{FA6858AB-A05E-4DEC-AC64-FC62812A048F}.Debug|Any CPU.ActiveCfg = Debug|Any CPU
		{FA6858AB-A05E-4DEC-AC64-FC62812A048F}.Debug|Any CPU.Build.0 = Debug|Any CPU
		{FA6858AB-A05E-4DEC-AC64-FC62812A048F}.Release|Any CPU.ActiveCfg = Release|Any CPU
		{FA6858AB-A05E-4DEC-AC64-FC62812A048F}.Release|Any CPU.Build.0 = Release|Any CPU
		{AF8642A0-3601-4D11-BC59-5FE4FC415548}.Debug|Any CPU.ActiveCfg = Debug|Any CPU
		{AF8642A0-3601-4D11-BC59-5FE4FC415548}.Debug|Any CPU.Build.0 = Debug|Any CPU
		{AF8642A0-3601-4D11-BC59-5FE4FC415548}.Release|Any CPU.ActiveCfg = Release|Any CPU
		{AF8642A0-3601-4D11-BC59-5FE4FC415548}.Release|Any CPU.Build.0 = Release|Any CPU
	EndGlobalSection
	GlobalSection(SolutionProperties) = preSolution
		HideSolutionNode = FALSE
	EndGlobalSection
	GlobalSection(NestedProjects) = preSolution
		{A344BD98-5010-4C52-9D0A-86DFAEF88E67} = {796F4F80-9928-441D-BDC8-96ADEFCE1DCA}
		{1EA6D0E1-ECE5-42FA-B354-0EF3F37FF461} = {796F4F80-9928-441D-BDC8-96ADEFCE1DCA}
		{9AF7D860-1D2B-4A9B-B414-55983A35D454} = {796F4F80-9928-441D-BDC8-96ADEFCE1DCA}
		{9F9334B4-25FE-4AD4-A0A2-08FADCC4E7AA} = {A344BD98-5010-4C52-9D0A-86DFAEF88E67}
		{20230FCC-D810-4B0B-964C-DDBF23867AA1} = {A344BD98-5010-4C52-9D0A-86DFAEF88E67}
		{5C69CEE9-7FCE-4362-A228-B1643AE8F6DB} = {1EA6D0E1-ECE5-42FA-B354-0EF3F37FF461}
		{FA6858AB-A05E-4DEC-AC64-FC62812A048F} = {1EA6D0E1-ECE5-42FA-B354-0EF3F37FF461}
	EndGlobalSection
	GlobalSection(ExtensibilityGlobals) = postSolution
		SolutionGuid = {F45F880F-9D82-460B-9C8D-37CA904A53ED}
	EndGlobalSection
EndGlobal
